
Microsoft Visual Studio Solution File, Format Version 11.00
# Visual Studio 2010
Project("{FAE04EC0-301F-11D3-BF4B-00C04F79EFBC}") = "Assembly-CSharp", "Assembly-CSharp.csproj", "{F8E21596-C568-4B0E-48CD-DE89C5AA65CD}"
EndProject
Project("{FAE04EC0-301F-11D3-BF4B-00C04F79EFBC}") = "Assembly-CSharp-Editor", "Assembly-CSharp-Editor.csproj", "{92894C1E-4E43-7B09-3322-F156525A3371}"
EndProject
Global
	GlobalSection(SolutionConfigurationPlatforms) = preSolution
		Debug|Any CPU = Debug|Any CPU
		Release|Any CPU = Release|Any CPU
	EndGlobalSection
	GlobalSection(ProjectConfigurationPlatforms) = postSolution
		{F8E21596-C568-4B0E-48CD-DE89C5AA65CD}.Debug|Any CPU.ActiveCfg = Debug|Any CPU
		{F8E21596-C568-4B0E-48CD-DE89C5AA65CD}.Debug|Any CPU.Build.0 = Debug|Any CPU
		{F8E21596-C568-4B0E-48CD-DE89C5AA65CD}.Release|Any CPU.ActiveCfg = Release|Any CPU
		{F8E21596-C568-4B0E-48CD-DE89C5AA65CD}.Release|Any CPU.Build.0 = Release|Any CPU
		{92894C1E-4E43-7B09-3322-F156525A3371}.Debug|Any CPU.ActiveCfg = Debug|Any CPU
		{92894C1E-4E43-7B09-3322-F156525A3371}.Debug|Any CPU.Build.0 = Debug|Any CPU
		{92894C1E-4E43-7B09-3322-F156525A3371}.Release|Any CPU.ActiveCfg = Release|Any CPU
		{92894C1E-4E43-7B09-3322-F156525A3371}.Release|Any CPU.Build.0 = Release|Any CPU
	EndGlobalSection
	GlobalSection(SolutionProperties) = preSolution
		HideSolutionNode = FALSE
	EndGlobalSection
EndGlobal
