
Microsoft Visual Studio Solution File, Format Version 11.00
# Visual Studio 2010
Project("{FAE04EC0-301F-11D3-BF4B-00C04F79EFBC}") = "Assembly-CSharp", "Assembly-CSharp.csproj", "{F4CD15C1-5F7F-716B-0F5C-B5EEFB0CD5E3}"
EndProject
Project("{FAE04EC0-301F-11D3-BF4B-00C04F79EFBC}") = "Assembly-CSharp-Editor", "Assembly-CSharp-Editor.csproj", "{27754FAA-A593-89A4-D49D-1C56E0CFFB7D}"
EndProject
Global
	GlobalSection(SolutionConfigurationPlatforms) = preSolution
		Debug|Any CPU = Debug|Any CPU
		Release|Any CPU = Release|Any CPU
	EndGlobalSection
	GlobalSection(ProjectConfigurationPlatforms) = postSolution
		{F4CD15C1-5F7F-716B-0F5C-B5EEFB0CD5E3}.Debug|Any CPU.ActiveCfg = Debug|Any CPU
		{F4CD15C1-5F7F-716B-0F5C-B5EEFB0CD5E3}.Debug|Any CPU.Build.0 = Debug|Any CPU
		{F4CD15C1-5F7F-716B-0F5C-B5EEFB0CD5E3}.Release|Any CPU.ActiveCfg = Release|Any CPU
		{F4CD15C1-5F7F-716B-0F5C-B5EEFB0CD5E3}.Release|Any CPU.Build.0 = Release|Any CPU
		{27754FAA-A593-89A4-D49D-1C56E0CFFB7D}.Debug|Any CPU.ActiveCfg = Debug|Any CPU
		{27754FAA-A593-89A4-D49D-1C56E0CFFB7D}.Debug|Any CPU.Build.0 = Debug|Any CPU
		{27754FAA-A593-89A4-D49D-1C56E0CFFB7D}.Release|Any CPU.ActiveCfg = Release|Any CPU
		{27754FAA-A593-89A4-D49D-1C56E0CFFB7D}.Release|Any CPU.Build.0 = Release|Any CPU
	EndGlobalSection
	GlobalSection(SolutionProperties) = preSolution
		HideSolutionNode = FALSE
	EndGlobalSection
EndGlobal
